
Microsoft Visual Studio Solution File, Format Version 12.00
# Visual Studio 15
VisualStudioVersion = 15.0.27703.2018
MinimumVisualStudioVersion = 10.0.40219.1
Project("{FAE04EC0-301F-11D3-BF4B-00C04F79EFBC}") = "DemoViews.Android", "DemoViews\DemoViews.Android\DemoViews.Android.csproj", "{27D8F5CE-E159-4131-9A22-D4682468506F}"
EndProject
Project("{FAE04EC0-301F-11D3-BF4B-00C04F79EFBC}") = "DemoViews.iOS", "DemoViews\DemoViews.iOS\DemoViews.iOS.csproj", "{6F1AA572-01BD-45D5-879C-4D49DAC21002}"
EndProject
Project("{FAE04EC0-301F-11D3-BF4B-00C04F79EFBC}") = "DemoViews", "DemoViews\DemoViews\DemoViews.csproj", "{1AA527D5-D97E-43F1-8A92-247422CC1BA5}"
EndProject
Global
	GlobalSection(SolutionConfigurationPlatforms) = preSolution
		Ad-Hoc|Any CPU = Ad-Hoc|Any CPU
		Ad-Hoc|iPhone = Ad-Hoc|iPhone
		Ad-Hoc|iPhoneSimulator = Ad-Hoc|iPhoneSimulator
		AppStore|Any CPU = AppStore|Any CPU
		AppStore|iPhone = AppStore|iPhone
		AppStore|iPhoneSimulator = AppStore|iPhoneSimulator
		Debug|Any CPU = Debug|Any CPU
		Debug|iPhone = Debug|iPhone
		Debug|iPhoneSimulator = Debug|iPhoneSimulator
		Release|Any CPU = Release|Any CPU
		Release|iPhone = Release|iPhone
		Release|iPhoneSimulator = Release|iPhoneSimulator
	EndGlobalSection
	GlobalSection(ProjectConfigurationPlatforms) = postSolution
		{27D8F5CE-E159-4131-9A22-D4682468506F}.Ad-Hoc|Any CPU.ActiveCfg = Release|Any CPU
		{27D8F5CE-E159-4131-9A22-D4682468506F}.Ad-Hoc|Any CPU.Build.0 = Release|Any CPU
		{27D8F5CE-E159-4131-9A22-D4682468506F}.Ad-Hoc|Any CPU.Deploy.0 = Release|Any CPU
		{27D8F5CE-E159-4131-9A22-D4682468506F}.Ad-Hoc|iPhone.ActiveCfg = Release|Any CPU
		{27D8F5CE-E159-4131-9A22-D4682468506F}.Ad-Hoc|iPhone.Build.0 = Release|Any CPU
		{27D8F5CE-E159-4131-9A22-D4682468506F}.Ad-Hoc|iPhone.Deploy.0 = Release|Any CPU
		{27D8F5CE-E159-4131-9A22-D4682468506F}.Ad-Hoc|iPhoneSimulator.ActiveCfg = Release|Any CPU
		{27D8F5CE-E159-4131-9A22-D4682468506F}.Ad-Hoc|iPhoneSimulator.Build.0 = Release|Any CPU
		{27D8F5CE-E159-4131-9A22-D4682468506F}.Ad-Hoc|iPhoneSimulator.Deploy.0 = Release|Any CPU
		{27D8F5CE-E159-4131-9A22-D4682468506F}.AppStore|Any CPU.ActiveCfg = Release|Any CPU
		{27D8F5CE-E159-4131-9A22-D4682468506F}.AppStore|Any CPU.Build.0 = Release|Any CPU
		{27D8F5CE-E159-4131-9A22-D4682468506F}.AppStore|Any CPU.Deploy.0 = Release|Any CPU
		{27D8F5CE-E159-4131-9A22-D4682468506F}.AppStore|iPhone.ActiveCfg = Release|Any CPU
		{27D8F5CE-E159-4131-9A22-D4682468506F}.AppStore|iPhone.Build.0 = Release|Any CPU
		{27D8F5CE-E159-4131-9A22-D4682468506F}.AppStore|iPhone.Deploy.0 = Release|Any CPU
		{27D8F5CE-E159-4131-9A22-D4682468506F}.AppStore|iPhoneSimulator.ActiveCfg = Release|Any CPU
		{27D8F5CE-E159-4131-9A22-D4682468506F}.AppStore|iPhoneSimulator.Build.0 = Release|Any CPU
		{27D8F5CE-E159-4131-9A22-D4682468506F}.AppStore|iPhoneSimulator.Deploy.0 = Release|Any CPU
		{27D8F5CE-E159-4131-9A22-D4682468506F}.Debug|Any CPU.ActiveCfg = Debug|Any CPU
		{27D8F5CE-E159-4131-9A22-D4682468506F}.Debug|Any CPU.Build.0 = Debug|Any CPU
		{27D8F5CE-E159-4131-9A22-D4682468506F}.Debug|Any CPU.Deploy.0 = Debug|Any CPU
		{27D8F5CE-E159-4131-9A22-D4682468506F}.Debug|iPhone.ActiveCfg = Debug|Any CPU
		{27D8F5CE-E159-4131-9A22-D4682468506F}.Debug|iPhone.Build.0 = Debug|Any CPU
		{27D8F5CE-E159-4131-9A22-D4682468506F}.Debug|iPhone.Deploy.0 = Debug|Any CPU
		{27D8F5CE-E159-4131-9A22-D4682468506F}.Debug|iPhoneSimulator.ActiveCfg = Debug|Any CPU
		{27D8F5CE-E159-4131-9A22-D4682468506F}.Debug|iPhoneSimulator.Build.0 = Debug|Any CPU
		{27D8F5CE-E159-4131-9A22-D4682468506F}.Debug|iPhoneSimulator.Deploy.0 = Debug|Any CPU
		{27D8F5CE-E159-4131-9A22-D4682468506F}.Release|Any CPU.ActiveCfg = Release|Any CPU
		{27D8F5CE-E159-4131-9A22-D4682468506F}.Release|Any CPU.Build.0 = Release|Any CPU
		{27D8F5CE-E159-4131-9A22-D4682468506F}.Release|Any CPU.Deploy.0 = Release|Any CPU
		{27D8F5CE-E159-4131-9A22-D4682468506F}.Release|iPhone.ActiveCfg = Release|Any CPU
		{27D8F5CE-E159-4131-9A22-D4682468506F}.Release|iPhone.Build.0 = Release|Any CPU
		{27D8F5CE-E159-4131-9A22-D4682468506F}.Release|iPhone.Deploy.0 = Release|Any CPU
		{27D8F5CE-E159-4131-9A22-D4682468506F}.Release|iPhoneSimulator.ActiveCfg = Release|Any CPU
		{27D8F5CE-E159-4131-9A22-D4682468506F}.Release|iPhoneSimulator.Build.0 = Release|Any CPU
		{27D8F5CE-E159-4131-9A22-D4682468506F}.Release|iPhoneSimulator.Deploy.0 = Release|Any CPU
		{6F1AA572-01BD-45D5-879C-4D49DAC21002}.Ad-Hoc|Any CPU.ActiveCfg = Ad-Hoc|iPhone
		{6F1AA572-01BD-45D5-879C-4D49DAC21002}.Ad-Hoc|Any CPU.Build.0 = Ad-Hoc|iPhone
		{6F1AA572-01BD-45D5-879C-4D49DAC21002}.Ad-Hoc|Any CPU.Deploy.0 = Ad-Hoc|iPhone
		{6F1AA572-01BD-45D5-879C-4D49DAC21002}.Ad-Hoc|iPhone.ActiveCfg = Ad-Hoc|iPhone
		{6F1AA572-01BD-45D5-879C-4D49DAC21002}.Ad-Hoc|iPhone.Build.0 = Ad-Hoc|iPhone
		{6F1AA572-01BD-45D5-879C-4D49DAC21002}.Ad-Hoc|iPhone.Deploy.0 = Ad-Hoc|iPhone
		{6F1AA572-01BD-45D5-879C-4D49DAC21002}.Ad-Hoc|iPhoneSimulator.ActiveCfg = Ad-Hoc|iPhoneSimulator
		{6F1AA572-01BD-45D5-879C-4D49DAC21002}.Ad-Hoc|iPhoneSimulator.Build.0 = Ad-Hoc|iPhoneSimulator
		{6F1AA572-01BD-45D5-879C-4D49DAC21002}.Ad-Hoc|iPhoneSimulator.Deploy.0 = Ad-Hoc|iPhoneSimulator
		{6F1AA572-01BD-45D5-879C-4D49DAC21002}.AppStore|Any CPU.ActiveCfg = AppStore|iPhone
		{6F1AA572-01BD-45D5-879C-4D49DAC21002}.AppStore|Any CPU.Build.0 = AppStore|iPhone
		{6F1AA572-01BD-45D5-879C-4D49DAC21002}.AppStore|Any CPU.Deploy.0 = AppStore|iPhone
		{6F1AA572-01BD-45D5-879C-4D49DAC21002}.AppStore|iPhone.ActiveCfg = AppStore|iPhone
		{6F1AA572-01BD-45D5-879C-4D49DAC21002}.AppStore|iPhone.Build.0 = AppStore|iPhone
		{6F1AA572-01BD-45D5-879C-4D49DAC21002}.AppStore|iPhone.Deploy.0 = AppStore|iPhone
		{6F1AA572-01BD-45D5-879C-4D49DAC21002}.AppStore|iPhoneSimulator.ActiveCfg = AppStore|iPhoneSimulator
		{6F1AA572-01BD-45D5-879C-4D49DAC21002}.AppStore|iPhoneSimulator.Build.0 = AppStore|iPhoneSimulator
		{6F1AA572-01BD-45D5-879C-4D49DAC21002}.AppStore|iPhoneSimulator.Deploy.0 = AppStore|iPhoneSimulator
		{6F1AA572-01BD-45D5-879C-4D49DAC21002}.Debug|Any CPU.ActiveCfg = Debug|iPhoneSimulator
		{6F1AA572-01BD-45D5-879C-4D49DAC21002}.Debug|Any CPU.Build.0 = Debug|iPhoneSimulator
		{6F1AA572-01BD-45D5-879C-4D49DAC21002}.Debug|Any CPU.Deploy.0 = Debug|iPhoneSimulator
		{6F1AA572-01BD-45D5-879C-4D49DAC21002}.Debug|iPhone.ActiveCfg = Debug|iPhone
		{6F1AA572-01BD-45D5-879C-4D49DAC21002}.Debug|iPhone.Build.0 = Debug|iPhone
		{6F1AA572-01BD-45D5-879C-4D49DAC21002}.Debug|iPhone.Deploy.0 = Debug|iPhone
		{6F1AA572-01BD-45D5-879C-4D49DAC21002}.Debug|iPhoneSimulator.ActiveCfg = Debug|iPhoneSimulator
		{6F1AA572-01BD-45D5-879C-4D49DAC21002}.Debug|iPhoneSimulator.Build.0 = Debug|iPhoneSimulator
		{6F1AA572-01BD-45D5-879C-4D49DAC21002}.Debug|iPhoneSimulator.Deploy.0 = Debug|iPhoneSimulator
		{6F1AA572-01BD-45D5-879C-4D49DAC21002}.Release|Any CPU.ActiveCfg = Release|iPhone
		{6F1AA572-01BD-45D5-879C-4D49DAC21002}.Release|Any CPU.Build.0 = Release|iPhone
		{6F1AA572-01BD-45D5-879C-4D49DAC21002}.Release|Any CPU.Deploy.0 = Release|iPhone
		{6F1AA572-01BD-45D5-879C-4D49DAC21002}.Release|iPhone.ActiveCfg = Release|iPhone
		{6F1AA572-01BD-45D5-879C-4D49DAC21002}.Release|iPhone.Build.0 = Release|iPhone
		{6F1AA572-01BD-45D5-879C-4D49DAC21002}.Release|iPhone.Deploy.0 = Release|iPhone
		{6F1AA572-01BD-45D5-879C-4D49DAC21002}.Release|iPhoneSimulator.ActiveCfg = Release|iPhoneSimulator
		{6F1AA572-01BD-45D5-879C-4D49DAC21002}.Release|iPhoneSimulator.Build.0 = Release|iPhoneSimulator
		{6F1AA572-01BD-45D5-879C-4D49DAC21002}.Release|iPhoneSimulator.Deploy.0 = Release|iPhoneSimulator
		{1AA527D5-D97E-43F1-8A92-247422CC1BA5}.Ad-Hoc|Any CPU.ActiveCfg = Debug|Any CPU
		{1AA527D5-D97E-43F1-8A92-247422CC1BA5}.Ad-Hoc|Any CPU.Build.0 = Debug|Any CPU
		{1AA527D5-D97E-43F1-8A92-247422CC1BA5}.Ad-Hoc|Any CPU.Deploy.0 = Debug|Any CPU
		{1AA527D5-D97E-43F1-8A92-247422CC1BA5}.Ad-Hoc|iPhone.ActiveCfg = Debug|Any CPU
		{1AA527D5-D97E-43F1-8A92-247422CC1BA5}.Ad-Hoc|iPhone.Build.0 = Debug|Any CPU
		{1AA527D5-D97E-43F1-8A92-247422CC1BA5}.Ad-Hoc|iPhone.Deploy.0 = Debug|Any CPU
		{1AA527D5-D97E-43F1-8A92-247422CC1BA5}.Ad-Hoc|iPhoneSimulator.ActiveCfg = Debug|Any CPU
		{1AA527D5-D97E-43F1-8A92-247422CC1BA5}.Ad-Hoc|iPhoneSimulator.Build.0 = Debug|Any CPU
		{1AA527D5-D97E-43F1-8A92-247422CC1BA5}.Ad-Hoc|iPhoneSimulator.Deploy.0 = Debug|Any CPU
		{1AA527D5-D97E-43F1-8A92-247422CC1BA5}.AppStore|Any CPU.ActiveCfg = Debug|Any CPU
		{1AA527D5-D97E-43F1-8A92-247422CC1BA5}.AppStore|Any CPU.Build.0 = Debug|Any CPU
		{1AA527D5-D97E-43F1-8A92-247422CC1BA5}.AppStore|Any CPU.Deploy.0 = Debug|Any CPU
		{1AA527D5-D97E-43F1-8A92-247422CC1BA5}.AppStore|iPhone.ActiveCfg = Debug|Any CPU
		{1AA527D5-D97E-43F1-8A92-247422CC1BA5}.AppStore|iPhone.Build.0 = Debug|Any CPU
		{1AA527D5-D97E-43F1-8A92-247422CC1BA5}.AppStore|iPhone.Deploy.0 = Debug|Any CPU
		{1AA527D5-D97E-43F1-8A92-247422CC1BA5}.AppStore|iPhoneSimulator.ActiveCfg = Debug|Any CPU
		{1AA527D5-D97E-43F1-8A92-247422CC1BA5}.AppStore|iPhoneSimulator.Build.0 = Debug|Any CPU
		{1AA527D5-D97E-43F1-8A92-247422CC1BA5}.AppStore|iPhoneSimulator.Deploy.0 = Debug|Any CPU
		{1AA527D5-D97E-43F1-8A92-247422CC1BA5}.Debug|Any CPU.ActiveCfg = Debug|Any CPU
		{1AA527D5-D97E-43F1-8A92-247422CC1BA5}.Debug|Any CPU.Build.0 = Debug|Any CPU
		{1AA527D5-D97E-43F1-8A92-247422CC1BA5}.Debug|Any CPU.Deploy.0 = Debug|Any CPU
		{1AA527D5-D97E-43F1-8A92-247422CC1BA5}.Debug|iPhone.ActiveCfg = Debug|Any CPU
		{1AA527D5-D97E-43F1-8A92-247422CC1BA5}.Debug|iPhone.Build.0 = Debug|Any CPU
		{1AA527D5-D97E-43F1-8A92-247422CC1BA5}.Debug|iPhone.Deploy.0 = Debug|Any CPU
		{1AA527D5-D97E-43F1-8A92-247422CC1BA5}.Debug|iPhoneSimulator.ActiveCfg = Debug|Any CPU
		{1AA527D5-D97E-43F1-8A92-247422CC1BA5}.Debug|iPhoneSimulator.Build.0 = Debug|Any CPU
		{1AA527D5-D97E-43F1-8A92-247422CC1BA5}.Debug|iPhoneSimulator.Deploy.0 = Debug|Any CPU
		{1AA527D5-D97E-43F1-8A92-247422CC1BA5}.Release|Any CPU.ActiveCfg = Release|Any CPU
		{1AA527D5-D97E-43F1-8A92-247422CC1BA5}.Release|Any CPU.Build.0 = Release|Any CPU
		{1AA527D5-D97E-43F1-8A92-247422CC1BA5}.Release|Any CPU.Deploy.0 = Release|Any CPU
		{1AA527D5-D97E-43F1-8A92-247422CC1BA5}.Release|iPhone.ActiveCfg = Release|Any CPU
		{1AA527D5-D97E-43F1-8A92-247422CC1BA5}.Release|iPhone.Build.0 = Release|Any CPU
		{1AA527D5-D97E-43F1-8A92-247422CC1BA5}.Release|iPhone.Deploy.0 = Release|Any CPU
		{1AA527D5-D97E-43F1-8A92-247422CC1BA5}.Release|iPhoneSimulator.ActiveCfg = Release|Any CPU
		{1AA527D5-D97E-43F1-8A92-247422CC1BA5}.Release|iPhoneSimulator.Build.0 = Release|Any CPU
		{1AA527D5-D97E-43F1-8A92-247422CC1BA5}.Release|iPhoneSimulator.Deploy.0 = Release|Any CPU
	EndGlobalSection
	GlobalSection(SolutionProperties) = preSolution
		HideSolutionNode = FALSE
	EndGlobalSection
	GlobalSection(ExtensibilityGlobals) = postSolution
		SolutionGuid = {7999D798-11A7-4106-9AEC-D031163EF1F1}
	EndGlobalSection
EndGlobal
